<?xml version="1.0" encoding="UTF-8" standalone="yes" ?>
<CodeBlocks_project_file>
   <FileVersion major="1" minor="6" />
   <Project>
      <Option title="simjuno" />
      <Option makefile_is_custom="1" />
      <Option compiler="gcc" />
      <Option virtualFolders="CMake Files\;CMake Files\..\;CMake Files\..\..\;CMake Files\..\..\geant4.10.03.p02\;CMake Files\..\..\geant4.10.03.p02\lib64\;CMake Files\..\..\geant4.10.03.p02\lib64\Geant4-10.3.2\;CMake Files\..\..\geant4.10.03.p02\lib64\Geant4-10.3.2\Modules\;CMake Files\..\..\cern_root\;CMake Files\..\..\cern_root\cmake\;CMake Files\..\..\cern_root\cmake\modules\;CMake Files\macros\;CMake Files\RecTimeLikeAlg\;" />
      <Build>
      <Target title="all">
         <Option working_dir="/home/qihuang/JUNO/simjuno/_BUILD" />
         <Option type="4" />
         <MakeCommands>
            <Build command="/usr/bin/gmake -f &quot;/home/qihuang/JUNO/simjuno/_BUILD/Makefile&quot;  VERBOSE=1 all" />
            <CompileFile command="/usr/bin/gmake -f &quot;/home/qihuang/JUNO/simjuno/_BUILD/Makefile&quot;  VERBOSE=1 &quot;$file&quot;" />
            <Clean command="/usr/bin/gmake -f &quot;/home/qihuang/JUNO/simjuno/_BUILD/Makefile&quot;  VERBOSE=1 clean" />
            <DistClean command="/usr/bin/gmake -f &quot;/home/qihuang/JUNO/simjuno/_BUILD/Makefile&quot;  VERBOSE=1 clean" />
         </MakeCommands>
      </Target>
      <Target title="edit_cache">
         <Option working_dir="/home/qihuang/JUNO/simjuno/_BUILD" />
         <Option type="4" />
         <MakeCommands>
            <Build command="/usr/bin/gmake -f &quot;/home/qihuang/JUNO/simjuno/_BUILD/Makefile&quot;  VERBOSE=1 edit_cache" />
            <CompileFile command="/usr/bin/gmake -f &quot;/home/qihuang/JUNO/simjuno/_BUILD/Makefile&quot;  VERBOSE=1 &quot;$file&quot;" />
            <Clean command="/usr/bin/gmake -f &quot;/home/qihuang/JUNO/simjuno/_BUILD/Makefile&quot;  VERBOSE=1 clean" />
            <DistClean command="/usr/bin/gmake -f &quot;/home/qihuang/JUNO/simjuno/_BUILD/Makefile&quot;  VERBOSE=1 clean" />
         </MakeCommands>
      </Target>
      <Target title="rebuild_cache">
         <Option working_dir="/home/qihuang/JUNO/simjuno/_BUILD" />
         <Option type="4" />
         <MakeCommands>
            <Build command="/usr/bin/gmake -f &quot;/home/qihuang/JUNO/simjuno/_BUILD/Makefile&quot;  VERBOSE=1 rebuild_cache" />
            <CompileFile command="/usr/bin/gmake -f &quot;/home/qihuang/JUNO/simjuno/_BUILD/Makefile&quot;  VERBOSE=1 &quot;$file&quot;" />
            <Clean command="/usr/bin/gmake -f &quot;/home/qihuang/JUNO/simjuno/_BUILD/Makefile&quot;  VERBOSE=1 clean" />
            <DistClean command="/usr/bin/gmake -f &quot;/home/qihuang/JUNO/simjuno/_BUILD/Makefile&quot;  VERBOSE=1 clean" />
         </MakeCommands>
      </Target>
      <Target title="list_install_components">
         <Option working_dir="/home/qihuang/JUNO/simjuno/_BUILD" />
         <Option type="4" />
         <MakeCommands>
            <Build command="/usr/bin/gmake -f &quot;/home/qihuang/JUNO/simjuno/_BUILD/Makefile&quot;  VERBOSE=1 list_install_components" />
            <CompileFile command="/usr/bin/gmake -f &quot;/home/qihuang/JUNO/simjuno/_BUILD/Makefile&quot;  VERBOSE=1 &quot;$file&quot;" />
            <Clean command="/usr/bin/gmake -f &quot;/home/qihuang/JUNO/simjuno/_BUILD/Makefile&quot;  VERBOSE=1 clean" />
            <DistClean command="/usr/bin/gmake -f &quot;/home/qihuang/JUNO/simjuno/_BUILD/Makefile&quot;  VERBOSE=1 clean" />
         </MakeCommands>
      </Target>
      <Target title="install">
         <Option working_dir="/home/qihuang/JUNO/simjuno/_BUILD" />
         <Option type="4" />
         <MakeCommands>
            <Build command="/usr/bin/gmake -f &quot;/home/qihuang/JUNO/simjuno/_BUILD/Makefile&quot;  VERBOSE=1 install" />
            <CompileFile command="/usr/bin/gmake -f &quot;/home/qihuang/JUNO/simjuno/_BUILD/Makefile&quot;  VERBOSE=1 &quot;$file&quot;" />
            <Clean command="/usr/bin/gmake -f &quot;/home/qihuang/JUNO/simjuno/_BUILD/Makefile&quot;  VERBOSE=1 clean" />
            <DistClean command="/usr/bin/gmake -f &quot;/home/qihuang/JUNO/simjuno/_BUILD/Makefile&quot;  VERBOSE=1 clean" />
         </MakeCommands>
      </Target>
      <Target title="install/local">
         <Option working_dir="/home/qihuang/JUNO/simjuno/_BUILD" />
         <Option type="4" />
         <MakeCommands>
            <Build command="/usr/bin/gmake -f &quot;/home/qihuang/JUNO/simjuno/_BUILD/Makefile&quot;  VERBOSE=1 install/local" />
            <CompileFile command="/usr/bin/gmake -f &quot;/home/qihuang/JUNO/simjuno/_BUILD/Makefile&quot;  VERBOSE=1 &quot;$file&quot;" />
            <Clean command="/usr/bin/gmake -f &quot;/home/qihuang/JUNO/simjuno/_BUILD/Makefile&quot;  VERBOSE=1 clean" />
            <DistClean command="/usr/bin/gmake -f &quot;/home/qihuang/JUNO/simjuno/_BUILD/Makefile&quot;  VERBOSE=1 clean" />
         </MakeCommands>
      </Target>
      <Target title="install/strip">
         <Option working_dir="/home/qihuang/JUNO/simjuno/_BUILD" />
         <Option type="4" />
         <MakeCommands>
            <Build command="/usr/bin/gmake -f &quot;/home/qihuang/JUNO/simjuno/_BUILD/Makefile&quot;  VERBOSE=1 install/strip" />
            <CompileFile command="/usr/bin/gmake -f &quot;/home/qihuang/JUNO/simjuno/_BUILD/Makefile&quot;  VERBOSE=1 &quot;$file&quot;" />
            <Clean command="/usr/bin/gmake -f &quot;/home/qihuang/JUNO/simjuno/_BUILD/Makefile&quot;  VERBOSE=1 clean" />
            <DistClean command="/usr/bin/gmake -f &quot;/home/qihuang/JUNO/simjuno/_BUILD/Makefile&quot;  VERBOSE=1 clean" />
         </MakeCommands>
      </Target>
      <Target title="simjuno">
         <Option output="/home/qihuang/JUNO/simjuno/_BUILD/bin/simjuno" prefix_auto="0" extension_auto="0" />
         <Option working_dir="/home/qihuang/JUNO/simjuno/_BUILD/bin" />
         <Option object_output="./" />
         <Option type="1" />
         <Option compiler="gcc" />
         <Compiler>
            <Add option="-DG4_STORE_TRAJECTORY" />
            <Add option="-DG4VERBOSE" />
            <Add option="-DG4UI_USE" />
            <Add option="-DG4VIS_USE" />
            <Add option="-DG4MULTITHREADED" />
            <Add option="-DG4UI_USE_TCSH" />
            <Add option="-DG4INTY_USE_XT" />
            <Add option="-DG4VIS_USE_RAYTRACERX" />
            <Add option="-DG4INTY_USE_QT" />
            <Add option="-DG4UI_USE_QT" />
            <Add option="-DG4VIS_USE_OPENGLQT" />
            <Add option="-DG4VIS_USE_OPENGLX" />
            <Add option="-DG4VIS_USE_OPENGL" />
            <Add directory="/home/qihuang/JUNO/simjuno/RecTimeLikeAlg/include" />
            <Add directory="/home/qihuang/JUNO/simjuno/include" />
            <Add directory="/home/qihuang/cern_root/include" />
            <Add directory="/home/qihuang/geant4.10.03.p02/include/Geant4" />
            <Add directory="/usr/include" />
            <Add directory="/usr/include/QtCore" />
            <Add directory="/usr/include/QtGui" />
            <Add directory="/usr/include/QtOpenGL" />
            <Add directory="/usr/include/c++/4.8" />
            <Add directory="/usr/include/c++/4.8/backward" />
            <Add directory="/usr/include/c++/4.8/x86_64-suse-linux" />
            <Add directory="/usr/lib64/gcc/x86_64-suse-linux/4.8/../../../../x86_64-suse-linux/include" />
            <Add directory="/usr/lib64/gcc/x86_64-suse-linux/4.8/include" />
            <Add directory="/usr/lib64/gcc/x86_64-suse-linux/4.8/include-fixed" />
            <Add directory="/usr/local/include" />
         </Compiler>
         <MakeCommands>
            <Build command="/usr/bin/gmake -f &quot;/home/qihuang/JUNO/simjuno/_BUILD/Makefile&quot;  VERBOSE=1 simjuno" />
            <CompileFile command="/usr/bin/gmake -f &quot;/home/qihuang/JUNO/simjuno/_BUILD/Makefile&quot;  VERBOSE=1 &quot;$file&quot;" />
            <Clean command="/usr/bin/gmake -f &quot;/home/qihuang/JUNO/simjuno/_BUILD/Makefile&quot;  VERBOSE=1 clean" />
            <DistClean command="/usr/bin/gmake -f &quot;/home/qihuang/JUNO/simjuno/_BUILD/Makefile&quot;  VERBOSE=1 clean" />
         </MakeCommands>
      </Target>
      <Target title="simjuno/fast">
         <Option output="/home/qihuang/JUNO/simjuno/_BUILD/bin/simjuno" prefix_auto="0" extension_auto="0" />
         <Option working_dir="/home/qihuang/JUNO/simjuno/_BUILD/bin" />
         <Option object_output="./" />
         <Option type="1" />
         <Option compiler="gcc" />
         <Compiler>
            <Add option="-DG4_STORE_TRAJECTORY" />
            <Add option="-DG4VERBOSE" />
            <Add option="-DG4UI_USE" />
            <Add option="-DG4VIS_USE" />
            <Add option="-DG4MULTITHREADED" />
            <Add option="-DG4UI_USE_TCSH" />
            <Add option="-DG4INTY_USE_XT" />
            <Add option="-DG4VIS_USE_RAYTRACERX" />
            <Add option="-DG4INTY_USE_QT" />
            <Add option="-DG4UI_USE_QT" />
            <Add option="-DG4VIS_USE_OPENGLQT" />
            <Add option="-DG4VIS_USE_OPENGLX" />
            <Add option="-DG4VIS_USE_OPENGL" />
            <Add directory="/home/qihuang/JUNO/simjuno/RecTimeLikeAlg/include" />
            <Add directory="/home/qihuang/JUNO/simjuno/include" />
            <Add directory="/home/qihuang/cern_root/include" />
            <Add directory="/home/qihuang/geant4.10.03.p02/include/Geant4" />
            <Add directory="/usr/include" />
            <Add directory="/usr/include/QtCore" />
            <Add directory="/usr/include/QtGui" />
            <Add directory="/usr/include/QtOpenGL" />
            <Add directory="/usr/include/c++/4.8" />
            <Add directory="/usr/include/c++/4.8/backward" />
            <Add directory="/usr/include/c++/4.8/x86_64-suse-linux" />
            <Add directory="/usr/lib64/gcc/x86_64-suse-linux/4.8/../../../../x86_64-suse-linux/include" />
            <Add directory="/usr/lib64/gcc/x86_64-suse-linux/4.8/include" />
            <Add directory="/usr/lib64/gcc/x86_64-suse-linux/4.8/include-fixed" />
            <Add directory="/usr/local/include" />
         </Compiler>
         <MakeCommands>
            <Build command="/usr/bin/gmake -f &quot;/home/qihuang/JUNO/simjuno/_BUILD/Makefile&quot;  VERBOSE=1 simjuno/fast" />
            <CompileFile command="/usr/bin/gmake -f &quot;/home/qihuang/JUNO/simjuno/_BUILD/Makefile&quot;  VERBOSE=1 &quot;$file&quot;" />
            <Clean command="/usr/bin/gmake -f &quot;/home/qihuang/JUNO/simjuno/_BUILD/Makefile&quot;  VERBOSE=1 clean" />
            <DistClean command="/usr/bin/gmake -f &quot;/home/qihuang/JUNO/simjuno/_BUILD/Makefile&quot;  VERBOSE=1 clean" />
         </MakeCommands>
      </Target>
      <Target title="RecTimeLikeAlg">
         <Option output="/home/qihuang/JUNO/simjuno/_BUILD/lib/libRecTimeLikeAlg.so" prefix_auto="0" extension_auto="0" />
         <Option working_dir="/home/qihuang/JUNO/simjuno/_BUILD/RecTimeLikeAlg" />
         <Option object_output="./" />
         <Option type="3" />
         <Option compiler="gcc" />
         <Compiler>
            <Add option="-DG4_STORE_TRAJECTORY" />
            <Add option="-DG4VERBOSE" />
            <Add option="-DG4UI_USE" />
            <Add option="-DG4VIS_USE" />
            <Add option="-DG4MULTITHREADED" />
            <Add option="-DG4UI_USE_TCSH" />
            <Add option="-DG4INTY_USE_XT" />
            <Add option="-DG4VIS_USE_RAYTRACERX" />
            <Add option="-DG4INTY_USE_QT" />
            <Add option="-DG4UI_USE_QT" />
            <Add option="-DG4VIS_USE_OPENGLQT" />
            <Add option="-DG4VIS_USE_OPENGLX" />
            <Add option="-DG4VIS_USE_OPENGL" />
            <Add directory="/home/qihuang/JUNO/simjuno/RecTimeLikeAlg/include" />
            <Add directory="/home/qihuang/JUNO/simjuno/include" />
            <Add directory="/home/qihuang/cern_root/include" />
            <Add directory="/home/qihuang/geant4.10.03.p02/include/Geant4" />
            <Add directory="/usr/include" />
            <Add directory="/usr/include/QtCore" />
            <Add directory="/usr/include/QtGui" />
            <Add directory="/usr/include/QtOpenGL" />
            <Add directory="/usr/include/c++/4.8" />
            <Add directory="/usr/include/c++/4.8/backward" />
            <Add directory="/usr/include/c++/4.8/x86_64-suse-linux" />
            <Add directory="/usr/lib64/gcc/x86_64-suse-linux/4.8/../../../../x86_64-suse-linux/include" />
            <Add directory="/usr/lib64/gcc/x86_64-suse-linux/4.8/include" />
            <Add directory="/usr/lib64/gcc/x86_64-suse-linux/4.8/include-fixed" />
            <Add directory="/usr/local/include" />
         </Compiler>
         <MakeCommands>
            <Build command="/usr/bin/gmake -f &quot;/home/qihuang/JUNO/simjuno/_BUILD/RecTimeLikeAlg/Makefile&quot;  VERBOSE=1 RecTimeLikeAlg" />
            <CompileFile command="/usr/bin/gmake -f &quot;/home/qihuang/JUNO/simjuno/_BUILD/RecTimeLikeAlg/Makefile&quot;  VERBOSE=1 &quot;$file&quot;" />
            <Clean command="/usr/bin/gmake -f &quot;/home/qihuang/JUNO/simjuno/_BUILD/RecTimeLikeAlg/Makefile&quot;  VERBOSE=1 clean" />
            <DistClean command="/usr/bin/gmake -f &quot;/home/qihuang/JUNO/simjuno/_BUILD/RecTimeLikeAlg/Makefile&quot;  VERBOSE=1 clean" />
         </MakeCommands>
      </Target>
      <Target title="RecTimeLikeAlg/fast">
         <Option output="/home/qihuang/JUNO/simjuno/_BUILD/lib/libRecTimeLikeAlg.so" prefix_auto="0" extension_auto="0" />
         <Option working_dir="/home/qihuang/JUNO/simjuno/_BUILD/RecTimeLikeAlg" />
         <Option object_output="./" />
         <Option type="3" />
         <Option compiler="gcc" />
         <Compiler>
            <Add option="-DG4_STORE_TRAJECTORY" />
            <Add option="-DG4VERBOSE" />
            <Add option="-DG4UI_USE" />
            <Add option="-DG4VIS_USE" />
            <Add option="-DG4MULTITHREADED" />
            <Add option="-DG4UI_USE_TCSH" />
            <Add option="-DG4INTY_USE_XT" />
            <Add option="-DG4VIS_USE_RAYTRACERX" />
            <Add option="-DG4INTY_USE_QT" />
            <Add option="-DG4UI_USE_QT" />
            <Add option="-DG4VIS_USE_OPENGLQT" />
            <Add option="-DG4VIS_USE_OPENGLX" />
            <Add option="-DG4VIS_USE_OPENGL" />
            <Add directory="/home/qihuang/JUNO/simjuno/RecTimeLikeAlg/include" />
            <Add directory="/home/qihuang/JUNO/simjuno/include" />
            <Add directory="/home/qihuang/cern_root/include" />
            <Add directory="/home/qihuang/geant4.10.03.p02/include/Geant4" />
            <Add directory="/usr/include" />
            <Add directory="/usr/include/QtCore" />
            <Add directory="/usr/include/QtGui" />
            <Add directory="/usr/include/QtOpenGL" />
            <Add directory="/usr/include/c++/4.8" />
            <Add directory="/usr/include/c++/4.8/backward" />
            <Add directory="/usr/include/c++/4.8/x86_64-suse-linux" />
            <Add directory="/usr/lib64/gcc/x86_64-suse-linux/4.8/../../../../x86_64-suse-linux/include" />
            <Add directory="/usr/lib64/gcc/x86_64-suse-linux/4.8/include" />
            <Add directory="/usr/lib64/gcc/x86_64-suse-linux/4.8/include-fixed" />
            <Add directory="/usr/local/include" />
         </Compiler>
         <MakeCommands>
            <Build command="/usr/bin/gmake -f &quot;/home/qihuang/JUNO/simjuno/_BUILD/RecTimeLikeAlg/Makefile&quot;  VERBOSE=1 RecTimeLikeAlg/fast" />
            <CompileFile command="/usr/bin/gmake -f &quot;/home/qihuang/JUNO/simjuno/_BUILD/RecTimeLikeAlg/Makefile&quot;  VERBOSE=1 &quot;$file&quot;" />
            <Clean command="/usr/bin/gmake -f &quot;/home/qihuang/JUNO/simjuno/_BUILD/RecTimeLikeAlg/Makefile&quot;  VERBOSE=1 clean" />
            <DistClean command="/usr/bin/gmake -f &quot;/home/qihuang/JUNO/simjuno/_BUILD/RecTimeLikeAlg/Makefile&quot;  VERBOSE=1 clean" />
         </MakeCommands>
      </Target>
      </Build>
      <Unit filename="/home/qihuang/JUNO/simjuno/RecTimeLikeAlg/src/RecTimeLikeAlg.cc">
         <Option target="RecTimeLikeAlg"/>
      </Unit>
      <Unit filename="/home/qihuang/JUNO/simjuno/include/ActionInitialization.hh">
         <Option target="simjuno"/>
      </Unit>
      <Unit filename="/home/qihuang/JUNO/simjuno/include/AnalysisManager.hh">
         <Option target="simjuno"/>
      </Unit>
      <Unit filename="/home/qihuang/JUNO/simjuno/include/AnalysisManagerMessenger.hh">
         <Option target="simjuno"/>
      </Unit>
      <Unit filename="/home/qihuang/JUNO/simjuno/include/B2PrimaryGeneratorAction.hh">
         <Option target="simjuno"/>
      </Unit>
      <Unit filename="/home/qihuang/JUNO/simjuno/include/DetectorConstruction.hh">
         <Option target="simjuno"/>
      </Unit>
      <Unit filename="/home/qihuang/JUNO/simjuno/include/DsG4OpAbsReemit.h">
         <Option target="simjuno"/>
      </Unit>
      <Unit filename="/home/qihuang/JUNO/simjuno/include/DsG4ScintSimple.h">
         <Option target="simjuno"/>
      </Unit>
      <Unit filename="/home/qihuang/JUNO/simjuno/include/DsG4Scintillation.h">
         <Option target="simjuno"/>
      </Unit>
      <Unit filename="/home/qihuang/JUNO/simjuno/include/DsPhysConsOptical.h">
         <Option target="simjuno"/>
      </Unit>
      <Unit filename="/home/qihuang/JUNO/simjuno/include/DsPhysConsOpticalMessenger.hh">
         <Option target="simjuno"/>
      </Unit>
      <Unit filename="/home/qihuang/JUNO/simjuno/include/EnergyTimeHit.hh">
         <Option target="simjuno"/>
      </Unit>
      <Unit filename="/home/qihuang/JUNO/simjuno/include/EnergyTimeSD.hh">
         <Option target="simjuno"/>
      </Unit>
      <Unit filename="/home/qihuang/JUNO/simjuno/include/EventAction.hh">
         <Option target="simjuno"/>
      </Unit>
      <Unit filename="/home/qihuang/JUNO/simjuno/include/LSExpDetectorConstructionMaterial.hh">
         <Option target="simjuno"/>
      </Unit>
      <Unit filename="/home/qihuang/JUNO/simjuno/include/LSExpPhysicsList.hh">
         <Option target="simjuno"/>
      </Unit>
      <Unit filename="/home/qihuang/JUNO/simjuno/include/PhysicsList.hh">
         <Option target="simjuno"/>
      </Unit>
      <Unit filename="/home/qihuang/JUNO/simjuno/include/RunAction.hh">
         <Option target="simjuno"/>
      </Unit>
      <Unit filename="/home/qihuang/JUNO/simjuno/include/StackingAction.hh">
         <Option target="simjuno"/>
      </Unit>
      <Unit filename="/home/qihuang/JUNO/simjuno/include/SteppingAction.hh">
         <Option target="simjuno"/>
      </Unit>
      <Unit filename="/home/qihuang/JUNO/simjuno/main.cc">
         <Option target="simjuno"/>
      </Unit>
      <Unit filename="/home/qihuang/JUNO/simjuno/src/ActionInitialization.cc">
         <Option target="simjuno"/>
      </Unit>
      <Unit filename="/home/qihuang/JUNO/simjuno/src/AnalysisManager.cc">
         <Option target="simjuno"/>
      </Unit>
      <Unit filename="/home/qihuang/JUNO/simjuno/src/AnalysisManagerMessenger.cc">
         <Option target="simjuno"/>
      </Unit>
      <Unit filename="/home/qihuang/JUNO/simjuno/src/B2PrimaryGeneratorAction.cc">
         <Option target="simjuno"/>
      </Unit>
      <Unit filename="/home/qihuang/JUNO/simjuno/src/DetectorConstruction.cc">
         <Option target="simjuno"/>
      </Unit>
      <Unit filename="/home/qihuang/JUNO/simjuno/src/DsG4OpAbsReemit.cc">
         <Option target="simjuno"/>
      </Unit>
      <Unit filename="/home/qihuang/JUNO/simjuno/src/DsG4ScintSimple.cc">
         <Option target="simjuno"/>
      </Unit>
      <Unit filename="/home/qihuang/JUNO/simjuno/src/DsG4Scintillation.cc">
         <Option target="simjuno"/>
      </Unit>
      <Unit filename="/home/qihuang/JUNO/simjuno/src/DsPhysConsOptical.cc">
         <Option target="simjuno"/>
      </Unit>
      <Unit filename="/home/qihuang/JUNO/simjuno/src/DsPhysConsOpticalMessenger.cc">
         <Option target="simjuno"/>
      </Unit>
      <Unit filename="/home/qihuang/JUNO/simjuno/src/EnergyTimeHit.cc">
         <Option target="simjuno"/>
      </Unit>
      <Unit filename="/home/qihuang/JUNO/simjuno/src/EnergyTimeSD.cc">
         <Option target="simjuno"/>
      </Unit>
      <Unit filename="/home/qihuang/JUNO/simjuno/src/EventAction.cc">
         <Option target="simjuno"/>
      </Unit>
      <Unit filename="/home/qihuang/JUNO/simjuno/src/LSExpDetectorConstructionMaterial.cc">
         <Option target="simjuno"/>
      </Unit>
      <Unit filename="/home/qihuang/JUNO/simjuno/src/LSExpPhysicsList.cc">
         <Option target="simjuno"/>
      </Unit>
      <Unit filename="/home/qihuang/JUNO/simjuno/src/RunAction.cc">
         <Option target="simjuno"/>
      </Unit>
      <Unit filename="/home/qihuang/JUNO/simjuno/src/StackingAction.cc">
         <Option target="simjuno"/>
      </Unit>
      <Unit filename="/home/qihuang/JUNO/simjuno/src/SteppingAction.cc">
         <Option target="simjuno"/>
      </Unit>
      <Unit filename="/home/qihuang/JUNO/simjuno/CMakeLists.txt">
          <Option virtualFolder="CMake Files\" />
      </Unit>
      <Unit filename="/home/qihuang/JUNO/simjuno/../../geant4.10.03.p02/lib64/Geant4-10.3.2/Geant4ConfigVersion.cmake">
          <Option virtualFolder="CMake Files\..\..\geant4.10.03.p02\lib64\Geant4-10.3.2\" />
      </Unit>
      <Unit filename="/home/qihuang/JUNO/simjuno/../../geant4.10.03.p02/lib64/Geant4-10.3.2/Geant4Config.cmake">
          <Option virtualFolder="CMake Files\..\..\geant4.10.03.p02\lib64\Geant4-10.3.2\" />
      </Unit>
      <Unit filename="/home/qihuang/JUNO/simjuno/../../geant4.10.03.p02/lib64/Geant4-10.3.2/Geant4LibraryDepends.cmake">
          <Option virtualFolder="CMake Files\..\..\geant4.10.03.p02\lib64\Geant4-10.3.2\" />
      </Unit>
      <Unit filename="/home/qihuang/JUNO/simjuno/../../geant4.10.03.p02/lib64/Geant4-10.3.2/Geant4LibraryDepends-release.cmake">
          <Option virtualFolder="CMake Files\..\..\geant4.10.03.p02\lib64\Geant4-10.3.2\" />
      </Unit>
      <Unit filename="/home/qihuang/JUNO/simjuno/../../geant4.10.03.p02/lib64/Geant4-10.3.2/UseGeant4.cmake">
          <Option virtualFolder="CMake Files\..\..\geant4.10.03.p02\lib64\Geant4-10.3.2\" />
      </Unit>
      <Unit filename="/home/qihuang/JUNO/simjuno/../../geant4.10.03.p02/lib64/Geant4-10.3.2/Modules/FindCLHEP.cmake">
          <Option virtualFolder="CMake Files\..\..\geant4.10.03.p02\lib64\Geant4-10.3.2\Modules\" />
      </Unit>
      <Unit filename="/home/qihuang/JUNO/simjuno/../../geant4.10.03.p02/lib64/Geant4-10.3.2/Modules/IntelCompileFeatures.cmake">
          <Option virtualFolder="CMake Files\..\..\geant4.10.03.p02\lib64\Geant4-10.3.2\Modules\" />
      </Unit>
      <Unit filename="/home/qihuang/JUNO/simjuno/../../cern_root/cmake/ROOTConfig-version.cmake">
          <Option virtualFolder="CMake Files\..\..\cern_root\cmake\" />
      </Unit>
      <Unit filename="/home/qihuang/JUNO/simjuno/../../cern_root/cmake/ROOTConfig.cmake">
          <Option virtualFolder="CMake Files\..\..\cern_root\cmake\" />
      </Unit>
      <Unit filename="/home/qihuang/JUNO/simjuno/../../cern_root/cmake/ROOTConfig-targets.cmake">
          <Option virtualFolder="CMake Files\..\..\cern_root\cmake\" />
      </Unit>
      <Unit filename="/home/qihuang/JUNO/simjuno/../../cern_root/cmake/ROOTConfig-targets-relwithdebinfo.cmake">
          <Option virtualFolder="CMake Files\..\..\cern_root\cmake\" />
      </Unit>
      <Unit filename="/home/qihuang/JUNO/simjuno/../../cern_root/cmake/ROOTUseFile.cmake">
          <Option virtualFolder="CMake Files\..\..\cern_root\cmake\" />
      </Unit>
      <Unit filename="/home/qihuang/JUNO/simjuno/../../cern_root/cmake/modules/RootNewMacros.cmake">
          <Option virtualFolder="CMake Files\..\..\cern_root\cmake\modules\" />
      </Unit>
      <Unit filename="/home/qihuang/JUNO/simjuno/../../cern_root/cmake/modules/CMakeMacroParseArguments.cmake">
          <Option virtualFolder="CMake Files\..\..\cern_root\cmake\modules\" />
      </Unit>
      <Unit filename="/home/qihuang/JUNO/simjuno/../../cern_root/cmake/modules/CheckCompiler.cmake">
          <Option virtualFolder="CMake Files\..\..\cern_root\cmake\modules\" />
      </Unit>
      <Unit filename="/home/qihuang/JUNO/simjuno/../../cern_root/cmake/modules/SetUpLinux.cmake">
          <Option virtualFolder="CMake Files\..\..\cern_root\cmake\modules\" />
      </Unit>
      <Unit filename="/home/qihuang/JUNO/simjuno/macros/basic.mac">
          <Option virtualFolder="CMake Files\macros\" />
      </Unit>
      <Unit filename="/home/qihuang/JUNO/simjuno/macros/gps.mac">
          <Option virtualFolder="CMake Files\macros\" />
      </Unit>
      <Unit filename="/home/qihuang/JUNO/simjuno/macros/basic_e-_1MeV.mac">
          <Option virtualFolder="CMake Files\macros\" />
      </Unit>
      <Unit filename="/home/qihuang/JUNO/simjuno/macros/ui.mac">
          <Option virtualFolder="CMake Files\macros\" />
      </Unit>
      <Unit filename="/home/qihuang/JUNO/simjuno/macros/basiclong.mac">
          <Option virtualFolder="CMake Files\macros\" />
      </Unit>
      <Unit filename="/home/qihuang/JUNO/simjuno/macros/optPhoton.mac">
          <Option virtualFolder="CMake Files\macros\" />
      </Unit>
      <Unit filename="/home/qihuang/JUNO/simjuno/macros/optPhoton_0m.mac">
          <Option virtualFolder="CMake Files\macros\" />
      </Unit>
      <Unit filename="/home/qihuang/JUNO/simjuno/macros/optPhoton_10m.mac">
          <Option virtualFolder="CMake Files\macros\" />
      </Unit>
      <Unit filename="/home/qihuang/JUNO/simjuno/macros/optPhoton_15m.mac">
          <Option virtualFolder="CMake Files\macros\" />
      </Unit>
      <Unit filename="/home/qihuang/JUNO/simjuno/RecTimeLikeAlg/CMakeLists.txt">
          <Option virtualFolder="CMake Files\RecTimeLikeAlg\" />
      </Unit>
   </Project>
</CodeBlocks_project_file>
